// !$*UTF8*$!
{
	archiveVersion = 1;
	classes = {
	};
	objectVersion = 48;
	objects = {

/* Begin PBXBuildFile section */
		2D888759205F975C000F042F /* AppDelegate.swift in Sources */ = {isa = PBXBuildFile; fileRef = 2D888758205F975C000F042F /* AppDelegate.swift */; };
		2D888760205F975C000F042F /* Assets.xcassets in Resources */ = {isa = PBXBuildFile; fileRef = 2D88875F205F975C000F042F /* Assets.xcassets */; };
		2D888763205F975C000F042F /* LaunchScreen.storyboard in Resources */ = {isa = PBXBuildFile; fileRef = 2D888761205F975C000F042F /* LaunchScreen.storyboard */; };
		2D88876C205F9794000F042F /* HomeViewController.swift in Sources */ = {isa = PBXBuildFile; fileRef = 2D88876A205F9794000F042F /* HomeViewController.swift */; };
		2D88876D205F9794000F042F /* HomeViewController.xib in Resources */ = {isa = PBXBuildFile; fileRef = 2D88876B205F9794000F042F /* HomeViewController.xib */; };
		2D888771205F9942000F042F /* TweetTableViewCell.swift in Sources */ = {isa = PBXBuildFile; fileRef = 2D88876F205F9942000F042F /* TweetTableViewCell.swift */; };
		2D888772205F9942000F042F /* TweetTableViewCell.xib in Resources */ = {isa = PBXBuildFile; fileRef = 2D888770205F9942000F042F /* TweetTableViewCell.xib */; };
		69D607AE6E0A325191A93A62 /* Tweet.swift in Sources */ = {isa = PBXBuildFile; fileRef = 69D60E375C3909F10B63CFAA /* Tweet.swift */; };
/* End PBXBuildFile section */

/* Begin PBXFileReference section */
		2D888755205F975C000F042F /* switf-twitter-clone.app */ = {isa = PBXFileReference; explicitFileType = wrapper.application; includeInIndex = 0; path = "switf-twitter-clone.app"; sourceTree = BUILT_PRODUCTS_DIR; };
		2D888758205F975C000F042F /* AppDelegate.swift */ = {isa = PBXFileReference; lastKnownFileType = sourcecode.swift; path = AppDelegate.swift; sourceTree = "<group>"; };
		2D88875F205F975C000F042F /* Assets.xcassets */ = {isa = PBXFileReference; lastKnownFileType = folder.assetcatalog; path = Assets.xcassets; sourceTree = "<group>"; };
		2D888762205F975C000F042F /* Base */ = {isa = PBXFileReference; lastKnownFileType = file.storyboard; name = Base; path = Base.lproj/LaunchScreen.storyboard; sourceTree = "<group>"; };
		2D888764205F975C000F042F /* Info.plist */ = {isa = PBXFileReference; lastKnownFileType = text.plist.xml; path = Info.plist; sourceTree = "<group>"; };
		2D88876A205F9794000F042F /* HomeViewController.swift */ = {isa = PBXFileReference; lastKnownFileType = sourcecode.swift; path = HomeViewController.swift; sourceTree = "<group>"; };
		2D88876B205F9794000F042F /* HomeViewController.xib */ = {isa = PBXFileReference; lastKnownFileType = file.xib; path = HomeViewController.xib; sourceTree = "<group>"; };
		2D88876F205F9942000F042F /* TweetTableViewCell.swift */ = {isa = PBXFileReference; lastKnownFileType = sourcecode.swift; path = TweetTableViewCell.swift; sourceTree = "<group>"; };
		2D888770205F9942000F042F /* TweetTableViewCell.xib */ = {isa = PBXFileReference; lastKnownFileType = file.xib; path = TweetTableViewCell.xib; sourceTree = "<group>"; };
		69D60E375C3909F10B63CFAA /* Tweet.swift */ = {isa = PBXFileReference; fileEncoding = 4; lastKnownFileType = sourcecode.swift; path = Tweet.swift; sourceTree = "<group>"; };
/* End PBXFileReference section */

/* Begin PBXFrameworksBuildPhase section */
		2D888752205F975C000F042F /* Frameworks */ = {
			isa = PBXFrameworksBuildPhase;
			buildActionMask = 2147483647;
			files = (
			);
			runOnlyForDeploymentPostprocessing = 0;
		};
/* End PBXFrameworksBuildPhase section */

/* Begin PBXGroup section */
		2D88874C205F975C000F042F = {
			isa = PBXGroup;
			children = (
				2D888757205F975C000F042F /* switf-twitter-clone */,
				2D888756205F975C000F042F /* Products */,
			);
			sourceTree = "<group>";
		};
		2D888756205F975C000F042F /* Products */ = {
			isa = PBXGroup;
			children = (
				2D888755205F975C000F042F /* switf-twitter-clone.app */,
			);
			name = Products;
			sourceTree = "<group>";
		};
		2D888757205F975C000F042F /* switf-twitter-clone */ = {
			isa = PBXGroup;
			children = (
				2D888758205F975C000F042F /* AppDelegate.swift */,
				2D88875F205F975C000F042F /* Assets.xcassets */,
				2D888761205F975C000F042F /* LaunchScreen.storyboard */,
				2D888764205F975C000F042F /* Info.plist */,
				2D88876E205F9799000F042F /* ViewController */,
				2D888773205F994B000F042F /* TweetTableView */,
				69D6068EBDA91B6A7CEDA40B /* Model */,
			);
			path = "switf-twitter-clone";
			sourceTree = "<group>";
		};
		2D88876E205F9799000F042F /* ViewController */ = {
			isa = PBXGroup;
			children = (
				2D88876A205F9794000F042F /* HomeViewController.swift */,
				2D88876B205F9794000F042F /* HomeViewController.xib */,
			);
			path = ViewController;
			sourceTree = "<group>";
		};
		2D888773205F994B000F042F /* TweetTableView */ = {
			isa = PBXGroup;
			children = (
				2D88876F205F9942000F042F /* TweetTableViewCell.swift */,
				2D888770205F9942000F042F /* TweetTableViewCell.xib */,
			);
			path = TweetTableView;
			sourceTree = "<group>";
		};
		69D6068EBDA91B6A7CEDA40B /* Model */ = {
			isa = PBXGroup;
			children = (
				69D60E375C3909F10B63CFAA /* Tweet.swift */,
			);
			path = Model;
			sourceTree = "<group>";
		};
/* End PBXGroup section */

/* Begin PBXNativeTarget section */
		2D888754205F975C000F042F /* switf-twitter-clone */ = {
			isa = PBXNativeTarget;
			buildConfigurationList = 2D888767205F975C000F042F /* Build configuration list for PBXNativeTarget "switf-twitter-clone" */;
			buildPhases = (
				2D888751205F975C000F042F /* Sources */,
				2D888752205F975C000F042F /* Frameworks */,
				2D888753205F975C000F042F /* Resources */,
			);
			buildRules = (
			);
			dependencies = (
			);
			name = "switf-twitter-clone";
			productName = "switf-twitter-clone";
			productReference = 2D888755205F975C000F042F /* switf-twitter-clone.app */;
			productType = "com.apple.product-type.application";
		};
/* End PBXNativeTarget section */

/* Begin PBXProject section */
		2D88874D205F975C000F042F /* Project object */ = {
			isa = PBXProject;
			attributes = {
				LastSwiftUpdateCheck = 0920;
				LastUpgradeCheck = 0920;
				ORGANIZATIONNAME = "Andy Tsai";
				TargetAttributes = {
					2D888754205F975C000F042F = {
						CreatedOnToolsVersion = 9.2;
						ProvisioningStyle = Automatic;
					};
				};
			};
			buildConfigurationList = 2D888750205F975C000F042F /* Build configuration list for PBXProject "switf-twitter-clone" */;
			compatibilityVersion = "Xcode 8.0";
			developmentRegion = en;
			hasScannedForEncodings = 0;
			knownRegions = (
				en,
				Base,
			);
			mainGroup = 2D88874C205F975C000F042F;
			productRefGroup = 2D888756205F975C000F042F /* Products */;
			projectDirPath = "";
			projectRoot = "";
			targets = (
				2D888754205F975C000F042F /* switf-twitter-clone */,
			);
		};
/* End PBXProject section */

/* Begin PBXResourcesBuildPhase section */
		2D888753205F975C000F042F /* Resources */ = {
			isa = PBXResourcesBuildPhase;
			buildActionMask = 2147483647;
			files = (
				2D888763205F975C000F042F /* LaunchScreen.storyboard in Resources */,
				2D888760205F975C000F042F /* Assets.xcassets in Resources */,
				2D88876D205F9794000F042F /* HomeViewController.xib in Resources */,
				2D888772205F9942000F042F /* TweetTableViewCell.xib in Resources */,
			);
			runOnlyForDeploymentPostprocessing = 0;
		};
/* End PBXResourcesBuildPhase section */

/* Begin PBXSourcesBuildPhase section */
		2D888751205F975C000F042F /* Sources */ = {
			isa = PBXSourcesBuildPhase;
			buildActionMask = 2147483647;
			files = (
				2D888759205F975C000F042F /* AppDelegate.swift in Sources */,
				2D88876C205F9794000F042F /* HomeViewController.swift in Sources */,
				2D888771205F9942000F042F /* TweetTableViewCell.swift in Sources */,
				69D607AE6E0A325191A93A62 /* Tweet.swift in Sources */,
			);
			runOnlyForDeploymentPostprocessing = 0;
		};
/* End PBXSourcesBuildPhase section */

/* Begin PBXVariantGroup section */
		2D888761205F975C000F042F /* LaunchScreen.storyboard */ = {
			isa = PBXVariantGroup;
			children = (
				2D888762205F975C000F042F /* Base */,
			);
			name = LaunchScreen.storyboard;
			sourceTree = "<group>";
		};
/* End PBXVariantGroup section */

/* Begin XCBuildConfiguration section */
		2D888765205F975C000F042F /* Debug */ = {
			isa = XCBuildConfiguration;
			buildSettings = {
				ALWAYS_SEARCH_USER_PATHS = NO;
				CLANG_ANALYZER_NONNULL = YES;
				CLANG_ANALYZER_NUMBER_OBJECT_CONVERSION = YES_AGGRESSIVE;
				CLANG_CXX_LANGUAGE_STANDARD = "gnu++14";
				CLANG_CXX_LIBRARY = "libc++";
				CLANG_ENABLE_MODULES = YES;
				CLANG_ENABLE_OBJC_ARC = YES;
				CLANG_WARN_BLOCK_CAPTURE_AUTORELEASING = YES;
				CLANG_WARN_BOOL_CONVERSION = YES;
				CLANG_WARN_COMMA = YES;
				CLANG_WARN_CONSTANT_CONVERSION = YES;
				CLANG_WARN_DIRECT_OBJC_ISA_USAGE = YES_ERROR;
				CLANG_WARN_DOCUMENTATION_COMMENTS = YES;
				CLANG_WARN_EMPTY_BODY = YES;
				CLANG_WARN_ENUM_CONVERSION = YES;
				CLANG_WARN_INFINITE_RECURSION = YES;
				CLANG_WARN_INT_CONVERSION = YES;
				CLANG_WARN_NON_LITERAL_NULL_CONVERSION = YES;
				CLANG_WARN_OBJC_LITERAL_CONVERSION = YES;
				CLANG_WARN_OBJC_ROOT_CLASS = YES_ERROR;
				CLANG_WARN_RANGE_LOOP_ANALYSIS = YES;
				CLANG_WARN_STRICT_PROTOTYPES = YES;
				CLANG_WARN_SUSPICIOUS_MOVE = YES;
				CLANG_WARN_UNGUARDED_AVAILABILITY = YES_AGGRESSIVE;
				CLANG_WARN_UNREACHABLE_CODE = YES;
				CLANG_WARN__DUPLICATE_METHOD_MATCH = YES;
				CODE_SIGN_IDENTITY = "iPhone Developer";
				COPY_PHASE_STRIP = NO;
				DEBUG_INFORMATION_FORMAT = dwarf;
				ENABLE_STRICT_OBJC_MSGSEND = YES;
				ENABLE_TESTABILITY = YES;
				GCC_C_LANGUAGE_STANDARD = gnu11;
				GCC_DYNAMIC_NO_PIC = NO;
				GCC_NO_COMMON_BLOCKS = YES;
				GCC_OPTIMIZATION_LEVEL = 0;
				GCC_PREPROCESSOR_DEFINITIONS = (
					"DEBUG=1",
					"$(inherited)",
				);
				GCC_WARN_64_TO_32_BIT_CONVERSION = YES;
				GCC_WARN_ABOUT_RETURN_TYPE = YES_ERROR;
				GCC_WARN_UNDECLARED_SELECTOR = YES;
				GCC_WARN_UNINITIALIZED_AUTOS = YES_AGGRESSIVE;
				GCC_WARN_UNUSED_FUNCTION = YES;
				GCC_WARN_UNUSED_VARIABLE = YES;
				IPHONEOS_DEPLOYMENT_TARGET = 11.2;
				MTL_ENABLE_DEBUG_INFO = YES;
				ONLY_ACTIVE_ARCH = YES;
				SDKROOT = iphoneos;
				SWIFT_ACTIVE_COMPILATION_CONDITIONS = DEBUG;
				SWIFT_OPTIMIZATION_LEVEL = "-Onone";
			};
			name = Debug;
		};
		2D888766205F975C000F042F /* Release */ = {
			isa = XCBuildConfiguration;
			buildSettings = {
				ALWAYS_SEARCH_USER_PATHS = NO;
				CLANG_ANALYZER_NONNULL = YES;
				CLANG_ANALYZER_NUMBER_OBJECT_CONVERSION = YES_AGGRESSIVE;
				CLANG_CXX_LANGUAGE_STANDARD = "gnu++14";
				CLANG_CXX_LIBRARY = "libc++";
				CLANG_ENABLE_MODULES = YES;
				CLANG_ENABLE_OBJC_ARC = YES;
				CLANG_WARN_BLOCK_CAPTURE_AUTORELEASING = YES;
				CLANG_WARN_BOOL_CONVERSION = YES;
				CLANG_WARN_COMMA = YES;
				CLANG_WARN_CONSTANT_CONVERSION = YES;
				CLANG_WARN_DIRECT_OBJC_ISA_USAGE = YES_ERROR;
				CLANG_WARN_DOCUMENTATION_COMMENTS = YES;
				CLANG_WARN_EMPTY_BODY = YES;
				CLANG_WARN_ENUM_CONVERSION = YES;
				CLANG_WARN_INFINITE_RECURSION = YES;
				CLANG_WARN_INT_CONVERSION = YES;
				CLANG_WARN_NON_LITERAL_NULL_CONVERSION = YES;
				CLANG_WARN_OBJC_LITERAL_CONVERSION = YES;
				CLANG_WARN_OBJC_ROOT_CLASS = YES_ERROR;
				CLANG_WARN_RANGE_LOOP_ANALYSIS = YES;
				CLANG_WARN_STRICT_PROTOTYPES = YES;
				CLANG_WARN_SUSPICIOUS_MOVE = YES;
				CLANG_WARN_UNGUARDED_AVAILABILITY = YES_AGGRESSIVE;
				CLANG_WARN_UNREACHABLE_CODE = YES;
				CLANG_WARN__DUPLICATE_METHOD_MATCH = YES;
				CODE_SIGN_IDENTITY = "iPhone Developer";
				COPY_PHASE_STRIP = NO;
				DEBUG_INFORMATION_FORMAT = "dwarf-with-dsym";
				ENABLE_NS_ASSERTIONS = NO;
				ENABLE_STRICT_OBJC_MSGSEND = YES;
				GCC_C_LANGUAGE_STANDARD = gnu11;
				GCC_NO_COMMON_BLOCKS = YES;
				GCC_WARN_64_TO_32_BIT_CONVERSION = YES;
				GCC_WARN_ABOUT_RETURN_TYPE = YES_ERROR;
				GCC_WARN_UNDECLARED_SELECTOR = YES;
				GCC_WARN_UNINITIALIZED_AUTOS = YES_AGGRESSIVE;
				GCC_WARN_UNUSED_FUNCTION = YES;
				GCC_WARN_UNUSED_VARIABLE = YES;
				IPHONEOS_DEPLOYMENT_TARGET = 11.2;
				MTL_ENABLE_DEBUG_INFO = NO;
				SDKROOT = iphoneos;
				SWIFT_OPTIMIZATION_LEVEL = "-Owholemodule";
				VALIDATE_PRODUCT = YES;
			};
			name = Release;
		};
		2D888768205F975C000F042F /* Debug */ = {
			isa = XCBuildConfiguration;
			buildSettings = {
				ASSETCATALOG_COMPILER_APPICON_NAME = AppIcon;
				CODE_SIGN_STYLE = Automatic;
				DEVELOPMENT_TEAM = K89GKBEV27;
				INFOPLIST_FILE = "switf-twitter-clone/Info.plist";
				LD_RUNPATH_SEARCH_PATHS = "$(inherited) @executable_path/Frameworks";
				PRODUCT_BUNDLE_IDENTIFIER = "me.shavenking.switf-twitter-clone";
				PRODUCT_NAME = "$(TARGET_NAME)";
				SWIFT_VERSION = 4.0;
				TARGETED_DEVICE_FAMILY = "1,2";
			};
			name = Debug;
		};
		2D888769205F975C000F042F /* Release */ = {
			isa = XCBuildConfiguration;
			buildSettings = {
				ASSETCATALOG_COMPILER_APPICON_NAME = AppIcon;
				CODE_SIGN_STYLE = Automatic;
				DEVELOPMENT_TEAM = K89GKBEV27;
				INFOPLIST_FILE = "switf-twitter-clone/Info.plist";
				LD_RUNPATH_SEARCH_PATHS = "$(inherited) @executable_path/Frameworks";
				PRODUCT_BUNDLE_IDENTIFIER = "me.shavenking.switf-twitter-clone";
				PRODUCT_NAME = "$(TARGET_NAME)";
				SWIFT_VERSION = 4.0;
				TARGETED_DEVICE_FAMILY = "1,2";
			};
			name = Release;
		};
/* End XCBuildConfiguration section */

/* Begin XCConfigurationList section */
		2D888750205F975C000F042F /* Build configuration list for PBXProject "switf-twitter-clone" */ = {
			isa = XCConfigurationList;
			buildConfigurations = (
				2D888765205F975C000F042F /* Debug */,
				2D888766205F975C000F042F /* Release */,
			);
			defaultConfigurationIsVisible = 0;
			defaultConfigurationName = Release;
		};
		2D888767205F975C000F042F /* Build configuration list for PBXNativeTarget "switf-twitter-clone" */ = {
			isa = XCConfigurationList;
			buildConfigurations = (
				2D888768205F975C000F042F /* Debug */,
				2D888769205F975C000F042F /* Release */,
			);
			defaultConfigurationIsVisible = 0;
			defaultConfigurationName = Release;
		};
/* End XCConfigurationList section */
	};
	rootObject = 2D88874D205F975C000F042F /* Project object */;
}
